{
  "nodes": {
    "agenix": {
      "inputs": {
        "nixpkgs": [
          "nixpkgs"
        ]
      },
      "locked": {
        "lastModified": 1790555459,
        "narHash": "sha256-ftyJcr21FzMLq4hnzg3COo7gITOkJ4j+ey0miWCTU3U=",
        "owner": "ryantm",
        "repo": "agenix",
        "rev": "b485690a7c97b3793a41dd57edfb05ac84343813",
        "type": "github"
      },
      "original": {
        "owner": "ryantm",
        "repo": "agenix",
        "type": "github"
      }
    },
    "ags": {
      "inputs": {
        "astal": "astal",
        "nixpkgs": [
          "homenix",
          "nixpkgs"
        ]
      },
      "locked": {
        "lastModified": 1775689345,
        "narHash": "sha256-tM3s7CX+tgxlYW0Sk3nzVThg2MHn08foIuMxABupxIs=",
        "owner": "aylur",
        "repo": "ags",
        "rev": "bbee2f18939f1ec7ff720e717cf305e73635628f",
        "type": "github"
      },
      "original": {
        "owner": "aylur",
        "repo": "ags",
        "type": "github"
      }
    },
    "astal": {
      "inputs": {
        "nixpkgs": [
          "homenix",
          "ags",
          "nixpkgs"
        ]
      },
      "locked": {
        "lastModified": 1773914523,
        "narHash": "sha256-GOL+bR30FPImAzy4NNsTMY1gpoINMsLTXR0WJBRSq30=",
        "owner": "aylur",
        "repo": "astal",
        "rev": "41b50290c6a1cdce7b482897c22fe49286912b9a",
        "type": "github"
      },
      "original": {
        "owner": "aylur",
        "repo": "astal",
        "type": "github"
      }
    },
    "catppuccin": {
      "inputs": {
        "nixpkgs": "nixpkgs"
      },
      "locked": {
        "lastModified": 1787752705,
        "narHash": "sha256-9eJSxncX01i6tV/yushVG0+JadQhdll+aNfyDT3YvWg=",
        "owner": "catppuccin",
        "repo": "nix",
        "rev": "30ad3b76f1b20ed045d1dfd10ac2f3d89ff1df50",
        "type": "github"
      },
      "original": {
        "owner": "catppuccin",
        "ref": "release-26.05",
        "repo": "nix",
        "type": "github"
      }
    },
    "crane": {
      "locked": {
        "lastModified": 1769737823,
        "narHash": "sha256-DrBaNpZ+sJ4stXm+0nBX7zqZT9t9P22zbk6m5YhQxS4=",
        "owner": "ipetkov",
        "repo": "crane",
        "rev": "b2f45c3830aa96b7456a4c4bc327d04d7a43e1ba",
        "type": "github"
      },
      "original": {
        "owner": "ipetkov",
        "repo": "crane",
        "type": "github"
      }
    },
    "flake-parts": {
      "inputs": {
        "nixpkgs-lib": [
          "homenix",
          "nixvim",
          "nixpkgs"
        ]
      },
      "locked": {
        "lastModified": 1788450739,
        "narHash": "sha256-glZLQlzIn1fXH6PazR2iUmTo7kzzyYSshrWhLS9TqCU=",
        "owner": "hercules-ci",
        "repo": "flake-parts",
        "rev": "31729ca8cbdb4fa927b34e5f4353e6a83f39e993",
        "type": "github"
      },
      "original": {
        "owner": "hercules-ci",
        "repo": "flake-parts",
        "type": "github"
      }
    },
    "flake-parts_2": {
      "inputs": {
        "nixpkgs-lib": "nixpkgs-lib"
      },
      "locked": {
        "lastModified": 1769996383,
        "narHash": "sha256-AnYjnFWgS49RlqX7LrC4uA+sCCDBj0Ry/WOJ5XWAsa0=",
        "owner": "hercules-ci",
        "repo": "flake-parts",
        "rev": "57928607ea566b5db3ad13af0e57e921e6b12381",
        "type": "github"
      },
      "original": {
        "owner": "hercules-ci",
        "repo": "flake-parts",
        "type": "github"
      }
    },
    "flake-utils": {
      "inputs": {
        "systems": "systems"
      },
      "locked": {
        "lastModified": 1689068808,
        "narHash": "sha256-6ixXo3wt24N/melDWjq70UuHQLxGV8jZvooRanIHXw0=",
        "owner": "numtide",
        "repo": "flake-utils",
        "rev": "919d646de7be200f3bf08cb76ae1f09402b6f9b4",
        "type": "github"
      },
      "original": {
        "owner": "numtide",
        "repo": "flake-utils",
        "type": "github"
      }
    },
    "home-manager": {
      "inputs": {
        "nixpkgs": [
          "nixpkgs"
        ]
      },
      "locked": {
        "lastModified": 1790215976,
        "narHash": "sha256-VkR1rMGyjU9jtw8ISFx5uqR9e+LEaOlhHwrseFkiIVk=",
        "owner": "nix-community",
        "repo": "home-manager",
        "rev": "a6631107a83ceab5872f298a2ea710859c80c4cb",
        "type": "github"
      },
      "original": {
        "owner": "nix-community",
        "ref": "release-26.05",
        "repo": "home-manager",
        "type": "github"
      }
    },
    "homenix": {
      "inputs": {
        "ags": "ags",
        "hyprexpo": "hyprexpo",
        "nixneovimplugins": "nixneovimplugins",
        "nixpkgs": [
          "nixpkgs"
        ],
        "nixvim": "nixvim",
        "nreviewer": "nreviewer",
        "opencode": "opencode",
        "pam_shim": "pam_shim",
        "worktool": "worktool",
        "zed": "zed"
      },
      "locked": {
        "lastModified": 1790668764,
        "narHash": "sha256-/aeXrCP1jLjxc4HJ3+8ZfLl0qfoEZrsm0ZetQHKpPu4=",
        "owner": "tscolari",
        "repo": "homenix",
        "rev": "31591e012d61411c04f102f0e68a3358cbfa0b91",
        "type": "github"
      },
      "original": {
        "owner": "tscolari",
        "ref": "26.05",
        "repo": "homenix",
        "type": "github"
      }
    },
    "hyprexpo": {
      "flake": false,
      "locked": {
        "lastModified": 1790335633,
        "narHash": "sha256-6uyYQPkcgr6ehELlMYaRQzpXemRW4nol8Ho0pmw6GSU=",
        "owner": "sandwichfarm",
        "repo": "hyprexpo",
        "rev": "852774edd577afad0c2e01d8b685772c80634524",
        "type": "github"
      },
      "original": {
        "owner": "sandwichfarm",
        "repo": "hyprexpo",
        "type": "github"
      }
    },
    "nix-darwin": {
      "inputs": {
        "nixpkgs": [
          "nixpkgs"
        ]
      },
      "locked": {
        "lastModified": 1783744694,
        "narHash": "sha256-2cp6N3rrwnGYLTx9l6N+NI+kwrCWxvJUbj5WJhvB29A=",
        "owner": "LnL7",
        "repo": "nix-darwin",
        "rev": "c3e90c89649b07d1a96e4b9dd6cd0d6e44b91a74",
        "type": "github"
      },
      "original": {
        "owner": "LnL7",
        "ref": "nix-darwin-26.05",
        "repo": "nix-darwin",
        "type": "github"
      }
    },
    "nix-flatpak": {
      "locked": {
        "lastModified": 1767983141,
        "narHash": "sha256-7ZCulYUD9RmJIDULTRkGLSW1faMpDlPKcbWJLYHoXcs=",
        "owner": "gmodena",
        "repo": "nix-flatpak",
        "rev": "440818969ac2cbd77bfe025e884d0aa528991374",
        "type": "github"
      },
      "original": {
        "owner": "gmodena",
        "ref": "latest",
        "repo": "nix-flatpak",
        "type": "github"
      }
    },
    "nix-github-actions": {
      "inputs": {
        "nixpkgs": [
          "homenix",
          "nixneovimplugins",
          "poetry2nix",
          "nixpkgs"
        ]
      },
      "locked": {
        "lastModified": 1688870561,
        "narHash": "sha256-4UYkifnPEw1nAzqqPOTL2MvWtm3sNGw1UTYTalkTcGY=",
        "owner": "nix-community",
        "repo": "nix-github-actions",
        "rev": "165b1650b753316aa7f1787f3005a8d2da0f5301",
        "type": "github"
      },
      "original": {
        "owner": "nix-community",
        "repo": "nix-github-actions",
        "type": "github"
      }
    },
    "nix-ld": {
      "inputs": {
        "nixpkgs": [
          "nixpkgs"
        ]
      },
      "locked": {
        "lastModified": 1759249575,
        "narHash": "sha256-I9cEWy07pUNsOfBPG7qMYHx/YmE1uxaadP3ObHu7ALQ=",
        "owner": "Mic92",
        "repo": "nix-ld",
        "rev": "ff6f28f369ab3b72c035325426d803f246d385e3",
        "type": "github"
      },
      "original": {
        "owner": "Mic92",
        "ref": "2.0.6",
        "repo": "nix-ld",
        "type": "github"
      }
    },
    "nixneovimplugins": {
      "inputs": {
        "flake-utils": "flake-utils",
        "nixpkgs": [
          "homenix",
          "nixpkgs"
        ],
        "poetry2nix": "poetry2nix"
      },
      "locked": {
        "lastModified": 1790533202,
        "narHash": "sha256-Eeb36EMrtRzMMN/vQs+Za9Gfxz5ui8N/cd1zu2dzSlA=",
        "owner": "NixNeovim",
        "repo": "NixNeovimPlugins",
        "rev": "3afefa87156ec452b93c290aa8391956270bc3a3",
        "type": "github"
      },
      "original": {
        "owner": "NixNeovim",
        "repo": "NixNeovimPlugins",
        "type": "github"
      }
    },
    "nixos-hardware": {
      "inputs": {
        "nixpkgs": "nixpkgs_3"
      },
      "locked": {
        "lastModified": 1790321948,
        "narHash": "sha256-mZGHLGi217oLIwzDM4PNRZeCNa6g2WBXURyXbNMFs7Y=",
        "owner": "NixOS",
        "repo": "nixos-hardware",
        "rev": "30d48a0ec6035f8140d0125af274f0de95f1e9b5",
        "type": "github"
      },
      "original": {
        "owner": "NixOS",
        "ref": "master",
        "repo": "nixos-hardware",
        "type": "github"
      }
    },
    "nixpkgs": {
      "locked": {
        "lastModified": 1787640266,
        "narHash": "sha256-tbu/95O8ZRmCj0kfSiDvz3YT7GSnD0fO6cxLRVYtXnU=",
        "rev": "f4f698677b11021a8f84f452e23ae9ef2427bec3",
        "type": "tarball",
        "url": "https://releases.nixos.org/nixos/26.05/nixos-26.05.8409.f4f698677b11/nixexprs.tar.xz"
      },
      "original": {
        "type": "tarball",
        "url": "https://channels.nixos.org/nixos-26.05/nixexprs.tar.xz"
      }
    },
    "nixpkgs-lib": {
      "locked": {
        "lastModified": 1769909678,
        "narHash": "sha256-cBEymOf4/o3FD5AZnzC3J9hLbiZ+QDT/KDuyHXVJOpM=",
        "owner": "nix-community",
        "repo": "nixpkgs.lib",
        "rev": "72716169fe93074c333e8d0173151350670b824c",
        "type": "github"
      },
      "original": {
        "owner": "nix-community",
        "repo": "nixpkgs.lib",
        "type": "github"
      }
    },
    "nixpkgs-master": {
      "locked": {
        "lastModified": 1790668088,
        "narHash": "sha256-td828NB5JP6ZFOkdTHASsXIaUp3gRavtdNFfFNsNPk0=",
        "owner": "NixOS",
        "repo": "nixpkgs",
        "rev": "63e1af0a91258b05babd3c3645cba48173eb7a3b",
        "type": "github"
      },
      "original": {
        "owner": "NixOS",
        "ref": "master",
        "repo": "nixpkgs",
        "type": "github"
      }
    },
    "nixpkgs-unstable": {
      "locked": {
        "lastModified": 1790578696,
        "narHash": "sha256-ZoxIApko70jCdbH3l20HWXOBaT2HZd87orzd2yJ9dVE=",
        "owner": "NixOS",
        "repo": "nixpkgs",
        "rev": "7a0f122f5090cf4c2ade2a13a0e229d4e19ba71f",
        "type": "github"
      },
      "original": {
        "owner": "NixOS",
        "ref": "nixos-unstable",
        "repo": "nixpkgs",
        "type": "github"
      }
    },
    "nixpkgs_2": {
      "locked": {
        "lastModified": 1769789167,
        "narHash": "sha256-kKB3bqYJU5nzYeIROI82Ef9VtTbu4uA3YydSk/Bioa8=",
        "owner": "NixOS",
        "repo": "nixpkgs",
        "rev": "62c8382960464ceb98ea593cb8321a2cf8f9e3e5",
        "type": "github"
      },
      "original": {
        "owner": "NixOS",
        "ref": "nixos-unstable",
        "repo": "nixpkgs",
        "type": "github"
      }
    },
    "nixpkgs_3": {
      "locked": {
        "lastModified": 1789546076,
        "narHash": "sha256-vWkSk5bbfTqdtMoSgD9FshACO8JCvXTFi+3cqEp0mH0=",
        "rev": "b1b875982b17dabde9b4a37f3e229e74913e6db3",
        "type": "tarball",
        "url": "https://releases.nixos.org/nixos/unstable/nixos-26.11pre1074753.b1b875982b17/nixexprs.tar.xz"
      },
      "original": {
        "type": "tarball",
        "url": "https://channels.nixos.org/nixos-unstable/nixexprs.tar.xz"
      }
    },
    "nixpkgs_4": {
      "locked": {
        "lastModified": 1790533781,
        "narHash": "sha256-F+b8u43BVF5DlM0pz7JQSbtbwKy5PrHIT5zQUekXsD0=",
        "owner": "NixOS",
        "repo": "nixpkgs",
        "rev": "cf5e76507c6e23b59f7e0ffcc7baa2a39ddd8442",
        "type": "github"
      },
      "original": {
        "owner": "NixOS",
        "ref": "nixos-26.05",
        "repo": "nixpkgs",
        "type": "github"
      }
    },
    "nixvim": {
      "inputs": {
        "flake-parts": "flake-parts",
        "nixpkgs": [
          "homenix",
          "nixpkgs"
        ],
        "systems": "systems_2"
      },
      "locked": {
        "lastModified": 1789959143,
        "narHash": "sha256-9oBHyJtUyunZL+6v0Ub8Y759cXcejQiTHpXtGcx5RLs=",
        "owner": "nix-community",
        "repo": "nixvim",
        "rev": "4836e77b1798cd42e2de28593bec4c1788da08f5",
        "type": "github"
      },
      "original": {
        "owner": "nix-community",
        "ref": "nixos-26.05",
        "repo": "nixvim",
        "type": "github"
      }
    },
    "nreviewer": {
      "inputs": {
        "nixpkgs": [
          "homenix",
          "nixpkgs"
        ]
      },
      "locked": {
        "lastModified": 1786455341,
        "narHash": "sha256-aEiNhUmAnsAPc/sWpVKRyisRE0BC68H6bf2Yw1TMHIU=",
        "owner": "tscolari",
        "repo": "nreviewer",
        "rev": "15997145b0331be132a705f791de80031c846971",
        "type": "github"
      },
      "original": {
        "owner": "tscolari",
        "repo": "nreviewer",
        "type": "github"
      }
    },
    "opencode": {
      "inputs": {
        "nixpkgs": [
          "homenix",
          "nixpkgs"
        ]
      },
      "locked": {
        "lastModified": 1790636374,
        "narHash": "sha256-Q1eKrDuX2WyC4KZIIYHMeODEq/uoG8BcmjqEWr6cmm4=",
        "owner": "anomalyco",
        "repo": "opencode",
        "rev": "7945de208964a49300d7f770d1a71d078db9a4c4",
        "type": "github"
      },
      "original": {
        "owner": "anomalyco",
        "repo": "opencode",
        "type": "github"
      }
    },
    "pam_shim": {
      "inputs": {
        "nixpkgs": [
          "homenix",
          "nixpkgs"
        ]
      },
      "locked": {
        "lastModified": 1767830048,
        "narHash": "sha256-BZBldTfFfnxWBIKL4Wak8h1WS0l2iSf3KByXTt5CjIQ=",
        "owner": "Cu3PO42",
        "repo": "pam_shim",
        "rev": "b01fbf816165c41186bc9758b72d874e5d1aa502",
        "type": "github"
      },
      "original": {
        "owner": "Cu3PO42",
        "repo": "pam_shim",
        "type": "github"
      }
    },
    "poetry2nix": {
      "inputs": {
        "flake-utils": [
          "homenix",
          "nixneovimplugins",
          "flake-utils"
        ],
        "nix-github-actions": "nix-github-actions",
        "nixpkgs": [
          "homenix",
          "nixneovimplugins",
          "nixpkgs"
        ]
      },
      "locked": {
        "lastModified": 1689849924,
        "narHash": "sha256-d259Z2S7CS7Na04qQNQ6LYQILuI7cf4Rpe76qc4mz40=",
        "owner": "nix-community",
        "repo": "poetry2nix",
        "rev": "1d7eda9336f336392d24e9602be5cb9be7ae405c",
        "type": "github"
      },
      "original": {
        "owner": "nix-community",
        "repo": "poetry2nix",
        "type": "github"
      }
    },
    "root": {
      "inputs": {
        "agenix": "agenix",
        "catppuccin": "catppuccin",
        "home-manager": "home-manager",
        "homenix": "homenix",
        "nix-darwin": "nix-darwin",
        "nix-flatpak": "nix-flatpak",
        "nix-ld": "nix-ld",
        "nixos-hardware": "nixos-hardware",
        "nixpkgs": "nixpkgs_4",
        "nixpkgs-master": "nixpkgs-master",
        "nixpkgs-unstable": "nixpkgs-unstable"
      }
    },
    "rust-overlay": {
      "inputs": {
        "nixpkgs": [
          "homenix",
          "zed",
          "nixpkgs"
        ]
      },
      "locked": {
        "lastModified": 1788851328,
        "narHash": "sha256-YOwlUD0Lt/3SulKhZ7z0Jmgbq/DWh8SjnGwUlFSw+YM=",
        "owner": "oxalica",
        "repo": "rust-overlay",
        "rev": "6ae57a71bcb0bebc7a66cc2bd76942c4cf649167",
        "type": "github"
      },
      "original": {
        "owner": "oxalica",
        "repo": "rust-overlay",
        "type": "github"
      }
    },
    "systems": {
      "locked": {
        "lastModified": 1681028828,
        "narHash": "sha256-Vy1rq5AaRuLzOxct8nz4T6wlgyUR7zLU309k9mBC768=",
        "owner": "nix-systems",
        "repo": "default",
        "rev": "da67096a3b9bf56a91d16901293e51ba5b49a27e",
        "type": "github"
      },
      "original": {
        "owner": "nix-systems",
        "repo": "default",
        "type": "github"
      }
    },
    "systems_2": {
      "locked": {
        "lastModified": 1681028828,
        "narHash": "sha256-Vy1rq5AaRuLzOxct8nz4T6wlgyUR7zLU309k9mBC768=",
        "owner": "nix-systems",
        "repo": "default",
        "rev": "da67096a3b9bf56a91d16901293e51ba5b49a27e",
        "type": "github"
      },
      "original": {
        "owner": "nix-systems",
        "repo": "default",
        "type": "github"
      }
    },
    "worktool": {
      "inputs": {
        "nixpkgs": [
          "homenix",
          "nixpkgs"
        ]
      },
      "locked": {
        "lastModified": 1789462832,
        "narHash": "sha256-fUIqrI34IM2PJYcYIDAXnSIFHs/36MSON+lRR0G+sxc=",
        "owner": "tscolari",
        "repo": "worktool",
        "rev": "c166202a3c3b594f435edfa9dc77340f6f9491ec",
        "type": "github"
      },
      "original": {
        "owner": "tscolari",
        "repo": "worktool",
        "type": "github"
      }
    },
    "zed": {
      "inputs": {
        "crane": "crane",
        "flake-parts": "flake-parts_2",
        "nixpkgs": "nixpkgs_2",
        "rust-overlay": "rust-overlay"
      },
      "locked": {
        "lastModified": 1790632382,
        "narHash": "sha256-Gd+7KpOH2wbfimdA7oAJrFMfxPCmFiVs8fOGLhrxlkY=",
        "owner": "zed-industries",
        "repo": "zed",
        "rev": "bd747337d7be138834e20972b9e203c7b239cc47",
        "type": "github"
      },
      "original": {
        "owner": "zed-industries",
        "repo": "zed",
        "type": "github"
      }
    }
  },
  "root": "root",
  "version": 7
}
