{
  "nodes": {
    "home-manager": {
      "inputs": {
        "nixpkgs": [
          "nixpkgs"
        ]
      },
      "locked": {
        "lastModified": 1747020534,
        "narHash": "sha256-D/6rkiC6w2p+4SwRiVKrWIeYzun8FBg7NlMKMwQMxO0=",
        "owner": "nix-community",
        "repo": "home-manager",
        "rev": "b4bbdc6fde16fc2051fcde232f6e288cd22007ca",
        "type": "github"
      },
      "original": {
        "owner": "nix-community",
        "ref": "release-24.11",
        "repo": "home-manager",
        "type": "github"
      }
    },
    "nix-ld": {
      "inputs": {
        "nixpkgs": [
          "nixpkgs"
        ]
      },
      "locked": {
        "lastModified": 1746437902,
        "narHash": "sha256-cAYSTvh+nKl/DQDS0+MlepFRQxsAGt7bRSwvoRyNJuw=",
        "owner": "Mic92",
        "repo": "nix-ld",
        "rev": "3262ac5b572f0f45a97212afda927208f3a463f1",
        "type": "github"
      },
      "original": {
        "owner": "Mic92",
        "repo": "nix-ld",
        "type": "github"
      }
    },
    "nixos-hardware": {
      "locked": {
        "lastModified": 1747129300,
        "narHash": "sha256-L3clA5YGeYCF47ghsI7Tcex+DnaaN/BbQ4dR2wzoiKg=",
        "owner": "NixOS",
        "repo": "nixos-hardware",
        "rev": "e81fd167b33121269149c57806599045fd33eeed",
        "type": "github"
      },
      "original": {
        "owner": "NixOS",
        "ref": "master",
        "repo": "nixos-hardware",
        "type": "github"
      }
    },
    "nixpkgs": {
      "locked": {
        "lastModified": 1746957726,
        "narHash": "sha256-k9ut1LSfHCr0AW82ttEQzXVCqmyWVA5+SHJkS5ID/Jo=",
        "owner": "NixOS",
        "repo": "nixpkgs",
        "rev": "a39ed32a651fdee6842ec930761e31d1f242cb94",
        "type": "github"
      },
      "original": {
        "owner": "NixOS",
        "ref": "nixos-24.11",
        "repo": "nixpkgs",
        "type": "github"
      }
    },
    "nixpkgs-master": {
      "locked": {
        "lastModified": 1747133093,
        "narHash": "sha256-sYSdrn5LjcJ1CsoymPPA1A4xQbsolAdQqN3COYlLNvQ=",
        "owner": "NixOS",
        "repo": "nixpkgs",
        "rev": "e147f4bb0d8120f4815955593448b4cd998852f6",
        "type": "github"
      },
      "original": {
        "owner": "NixOS",
        "ref": "master",
        "repo": "nixpkgs",
        "type": "github"
      }
    },
    "nixpkgs-unstable": {
      "locked": {
        "lastModified": 1745526057,
        "narHash": "sha256-ITSpPDwvLBZBnPRS2bUcHY3gZSwis/uTe255QgMtTLA=",
        "owner": "NixOS",
        "repo": "nixpkgs",
        "rev": "f771eb401a46846c1aebd20552521b233dd7e18b",
        "type": "github"
      },
      "original": {
        "owner": "NixOS",
        "ref": "nixos-unstable",
        "repo": "nixpkgs",
        "type": "github"
      }
    },
    "nixpkgs_2": {
      "locked": {
        "lastModified": 0,
        "narHash": "sha256-FHlSkNqFmPxPJvy+6fNLaNeWnF1lZSgqVCl/eWaJRc4=",
        "path": "/nix/store/hzaj4d6ari2wq2cbg1j60n9zw42gnshy-source",
        "type": "path"
      },
      "original": {
        "id": "nixpkgs",
        "type": "indirect"
      }
    },
    "root": {
      "inputs": {
        "home-manager": "home-manager",
        "nix-ld": "nix-ld",
        "nixos-hardware": "nixos-hardware",
        "nixpkgs": "nixpkgs",
        "nixpkgs-master": "nixpkgs-master",
        "nixpkgs-unstable": "nixpkgs-unstable",
        "tscolari-pkgs": "tscolari-pkgs",
        "vimfiles": "vimfiles"
      }
    },
    "tscolari-pkgs": {
      "inputs": {
        "nixpkgs": "nixpkgs_2"
      },
      "locked": {
        "lastModified": 1747133679,
        "narHash": "sha256-BydtDeuqUtWi+QNg/GM2yoveCnshcfpBhcAY2UFNUgw=",
        "owner": "tscolari",
        "repo": "nixpkgs",
        "rev": "9d5a851e5e4ce0a4932ade849ece5b62411ddfb0",
        "type": "github"
      },
      "original": {
        "owner": "tscolari",
        "repo": "nixpkgs",
        "type": "github"
      }
    },
    "vimfiles": {
      "flake": false,
      "locked": {
        "lastModified": 1748164866,
        "narHash": "sha256-wh8a3DEFFb9gKPXjN00f5tvFLKOjM3vMhmeSGWCCvXM=",
        "ref": "refs/heads/main",
        "rev": "08c826118975768443086f8eded8d99361d14153",
        "revCount": 482,
        "type": "git",
        "url": "file:///home/tscolari/workspace/nvim"
      },
      "original": {
        "type": "git",
        "url": "file:///home/tscolari/workspace/nvim"
      }
    }
  },
  "root": "root",
  "version": 7
}
