{
  "nodes": {
    "home-manager": {
      "inputs": {
        "nixpkgs": [
          "nixpkgs"
        ]
      },
      "locked": {
        "lastModified": 1746171682,
        "narHash": "sha256-EyXUNSa+H+YvGVuQJP1nZskXAowxKYp79RNUsNdQTj4=",
        "owner": "nix-community",
        "repo": "home-manager",
        "rev": "50eee705bbdbac942074a8c120e8194185633675",
        "type": "github"
      },
      "original": {
        "owner": "nix-community",
        "ref": "release-24.11",
        "repo": "home-manager",
        "type": "github"
      }
    },
    "nix-ld": {
      "inputs": {
        "nixpkgs": [
          "nixpkgs"
        ]
      },
      "locked": {
        "lastModified": 1745836145,
        "narHash": "sha256-CQ18gPSd8nHMrK2K7hqsmLedQFfefUBgIq8AHHXsPRU=",
        "owner": "Mic92",
        "repo": "nix-ld",
        "rev": "3a4fcea3d9a3c1366a745d23808114a67bf98c68",
        "type": "github"
      },
      "original": {
        "owner": "Mic92",
        "repo": "nix-ld",
        "type": "github"
      }
    },
    "nixos-hardware": {
      "locked": {
        "lastModified": 1746341346,
        "narHash": "sha256-WjupK5Xpc+viJlJWiyPHp/dF4aJItp1BPuFsEdv2/fI=",
        "owner": "NixOS",
        "repo": "nixos-hardware",
        "rev": "0833dc8bbc4ffa9cf9b0cbfccf1c5ec8632fc66e",
        "type": "github"
      },
      "original": {
        "owner": "NixOS",
        "ref": "master",
        "repo": "nixos-hardware",
        "type": "github"
      }
    },
    "nixpkgs": {
      "locked": {
        "lastModified": 1746183838,
        "narHash": "sha256-kwaaguGkAqTZ1oK0yXeQ3ayYjs8u/W7eEfrFpFfIDFA=",
        "owner": "NixOS",
        "repo": "nixpkgs",
        "rev": "bf3287dac860542719fe7554e21e686108716879",
        "type": "github"
      },
      "original": {
        "owner": "NixOS",
        "ref": "nixos-24.11",
        "repo": "nixpkgs",
        "type": "github"
      }
    },
    "nixpkgs-master": {
      "locked": {
        "lastModified": 1745857946,
        "narHash": "sha256-eboxSJUpYzql6jA+KCOc98puEkxpRfFKXs4o0RzWvFE=",
        "owner": "NixOS",
        "repo": "nixpkgs",
        "rev": "bb460500986ccd3edb3575380dcaf38f145429b2",
        "type": "github"
      },
      "original": {
        "owner": "NixOS",
        "ref": "master",
        "repo": "nixpkgs",
        "type": "github"
      }
    },
    "nixpkgs-unstable": {
      "locked": {
        "lastModified": 1745526057,
        "narHash": "sha256-ITSpPDwvLBZBnPRS2bUcHY3gZSwis/uTe255QgMtTLA=",
        "owner": "NixOS",
        "repo": "nixpkgs",
        "rev": "f771eb401a46846c1aebd20552521b233dd7e18b",
        "type": "github"
      },
      "original": {
        "owner": "NixOS",
        "ref": "nixos-unstable",
        "repo": "nixpkgs",
        "type": "github"
      }
    },
    "nixpkgs_2": {
      "locked": {
        "lastModified": 0,
        "narHash": "sha256-FHlSkNqFmPxPJvy+6fNLaNeWnF1lZSgqVCl/eWaJRc4=",
        "path": "/nix/store/hzaj4d6ari2wq2cbg1j60n9zw42gnshy-source",
        "type": "path"
      },
      "original": {
        "id": "nixpkgs",
        "type": "indirect"
      }
    },
    "root": {
      "inputs": {
        "home-manager": "home-manager",
        "nix-ld": "nix-ld",
        "nixos-hardware": "nixos-hardware",
        "nixpkgs": "nixpkgs",
        "nixpkgs-master": "nixpkgs-master",
        "nixpkgs-unstable": "nixpkgs-unstable",
        "tscolari-pkgs": "tscolari-pkgs",
        "vimfiles": "vimfiles"
      }
    },
    "tscolari-pkgs": {
      "inputs": {
        "nixpkgs": "nixpkgs_2"
      },
      "locked": {
        "lastModified": 1745916590,
        "narHash": "sha256-XFzZa9cn6KIIrIpDjUmcxtwn4vpDKLaI0reP+/8wtGo=",
        "owner": "tscolari",
        "repo": "nixpkgs",
        "rev": "a134b8dfde19901dac45005cc2cb0c6589beaadf",
        "type": "github"
      },
      "original": {
        "owner": "tscolari",
        "repo": "nixpkgs",
        "type": "github"
      }
    },
    "vimfiles": {
      "flake": false,
      "locked": {
        "lastModified": 1744897364,
        "narHash": "sha256-zIw7UyQwu6CEfAKSO6wIDCDLV3CfiF/2vHcG6z9K9NM=",
        "owner": "tscolari",
        "repo": "nvim",
        "rev": "debcff8ea4ad75298cb8c1280d77828833634e16",
        "type": "github"
      },
      "original": {
        "owner": "tscolari",
        "repo": "nvim",
        "type": "github"
      }
    }
  },
  "root": "root",
  "version": 7
}
